// !$*UTF8*$!
{
	archiveVersion = 1;
	classes = {
	};
	objectVersion = 50;
	objects = {

/* Begin PBXBuildFile section */
		08CD8324232402D900D04997 /* AppDelegate.swift in Sources */ = {isa = PBXBuildFile; fileRef = 08CD8323232402D900D04997 /* AppDelegate.swift */; };
		08CD8326232402D900D04997 /* ViewController.swift in Sources */ = {isa = PBXBuildFile; fileRef = 08CD8325232402D900D04997 /* ViewController.swift */; };
		08CD8329232402D900D04997 /* Main.storyboard in Resources */ = {isa = PBXBuildFile; fileRef = 08CD8327232402D900D04997 /* Main.storyboard */; };
		08CD832B232402DE00D04997 /* Assets.xcassets in Resources */ = {isa = PBXBuildFile; fileRef = 08CD832A232402DE00D04997 /* Assets.xcassets */; };
		08CD832E232402DE00D04997 /* LaunchScreen.storyboard in Resources */ = {isa = PBXBuildFile; fileRef = 08CD832C232402DE00D04997 /* LaunchScreen.storyboard */; };
		08CD8339232402DE00D04997 /* TextbookTests.swift in Sources */ = {isa = PBXBuildFile; fileRef = 08CD8338232402DE00D04997 /* TextbookTests.swift */; };
		08CD8344232402DE00D04997 /* TextbookUITests.swift in Sources */ = {isa = PBXBuildFile; fileRef = 08CD8343232402DE00D04997 /* TextbookUITests.swift */; };
		08CD8352232445CA00D04997 /* LoginPageViewController.swift in Sources */ = {isa = PBXBuildFile; fileRef = 08CD8351232445CA00D04997 /* LoginPageViewController.swift */; };
		08CD835623244EC400D04997 /* GoogleService-Info.plist in Resources */ = {isa = PBXBuildFile; fileRef = 08CD835523244EC400D04997 /* GoogleService-Info.plist */; };
		08CD8358232455EF00D04997 /* AddUserViewController.swift in Sources */ = {isa = PBXBuildFile; fileRef = 08CD8357232455EF00D04997 /* AddUserViewController.swift */; };
		08CD835A2324566800D04997 /* User.swift in Sources */ = {isa = PBXBuildFile; fileRef = 08CD83592324566800D04997 /* User.swift */; };
		08CD835C2324573800D04997 /* FirebaseDataManager.swift in Sources */ = {isa = PBXBuildFile; fileRef = 08CD835B2324573800D04997 /* FirebaseDataManager.swift */; };
		4712177CC17007A914BBD3B7 /* Pods_TextbookUITests.framework in Frameworks */ = {isa = PBXBuildFile; fileRef = 908B4E8464D541653C94542C /* Pods_TextbookUITests.framework */; };
		493649918D33408D9AEAB01E /* Pods_TextbookTests.framework in Frameworks */ = {isa = PBXBuildFile; fileRef = 9A26D6D0C676E360BDAC2585 /* Pods_TextbookTests.framework */; };
		5CD806C2F393DCA879B4249A /* Pods_Textbook.framework in Frameworks */ = {isa = PBXBuildFile; fileRef = 7B0A87ACF10DFA36D7E8B758 /* Pods_Textbook.framework */; };
/* End PBXBuildFile section */

/* Begin PBXContainerItemProxy section */
		08CD8335232402DE00D04997 /* PBXContainerItemProxy */ = {
			isa = PBXContainerItemProxy;
			containerPortal = 08CD8318232402D900D04997 /* Project object */;
			proxyType = 1;
			remoteGlobalIDString = 08CD831F232402D900D04997;
			remoteInfo = Textbook;
		};
		08CD8340232402DE00D04997 /* PBXContainerItemProxy */ = {
			isa = PBXContainerItemProxy;
			containerPortal = 08CD8318232402D900D04997 /* Project object */;
			proxyType = 1;
			remoteGlobalIDString = 08CD831F232402D900D04997;
			remoteInfo = Textbook;
		};
/* End PBXContainerItemProxy section */

/* Begin PBXFileReference section */
		08CD8320232402D900D04997 /* Textbook.app */ = {isa = PBXFileReference; explicitFileType = wrapper.application; includeInIndex = 0; path = Textbook.app; sourceTree = BUILT_PRODUCTS_DIR; };
		08CD8323232402D900D04997 /* AppDelegate.swift */ = {isa = PBXFileReference; lastKnownFileType = sourcecode.swift; path = AppDelegate.swift; sourceTree = "<group>"; };
		08CD8325232402D900D04997 /* ViewController.swift */ = {isa = PBXFileReference; lastKnownFileType = sourcecode.swift; path = ViewController.swift; sourceTree = "<group>"; };
		08CD8328232402D900D04997 /* Base */ = {isa = PBXFileReference; lastKnownFileType = file.storyboard; name = Base; path = Base.lproj/Main.storyboard; sourceTree = "<group>"; };
		08CD832A232402DE00D04997 /* Assets.xcassets */ = {isa = PBXFileReference; lastKnownFileType = folder.assetcatalog; path = Assets.xcassets; sourceTree = "<group>"; };
		08CD832D232402DE00D04997 /* Base */ = {isa = PBXFileReference; lastKnownFileType = file.storyboard; name = Base; path = Base.lproj/LaunchScreen.storyboard; sourceTree = "<group>"; };
		08CD832F232402DE00D04997 /* Info.plist */ = {isa = PBXFileReference; lastKnownFileType = text.plist.xml; path = Info.plist; sourceTree = "<group>"; };
		08CD8334232402DE00D04997 /* TextbookTests.xctest */ = {isa = PBXFileReference; explicitFileType = wrapper.cfbundle; includeInIndex = 0; path = TextbookTests.xctest; sourceTree = BUILT_PRODUCTS_DIR; };
		08CD8338232402DE00D04997 /* TextbookTests.swift */ = {isa = PBXFileReference; lastKnownFileType = sourcecode.swift; path = TextbookTests.swift; sourceTree = "<group>"; };
		08CD833A232402DE00D04997 /* Info.plist */ = {isa = PBXFileReference; lastKnownFileType = text.plist.xml; path = Info.plist; sourceTree = "<group>"; };
		08CD833F232402DE00D04997 /* TextbookUITests.xctest */ = {isa = PBXFileReference; explicitFileType = wrapper.cfbundle; includeInIndex = 0; path = TextbookUITests.xctest; sourceTree = BUILT_PRODUCTS_DIR; };
		08CD8343232402DE00D04997 /* TextbookUITests.swift */ = {isa = PBXFileReference; lastKnownFileType = sourcecode.swift; path = TextbookUITests.swift; sourceTree = "<group>"; };
		08CD8345232402DE00D04997 /* Info.plist */ = {isa = PBXFileReference; lastKnownFileType = text.plist.xml; path = Info.plist; sourceTree = "<group>"; };
		08CD8351232445CA00D04997 /* LoginPageViewController.swift */ = {isa = PBXFileReference; lastKnownFileType = sourcecode.swift; path = LoginPageViewController.swift; sourceTree = "<group>"; };
		08CD835523244EC400D04997 /* GoogleService-Info.plist */ = {isa = PBXFileReference; fileEncoding = 4; lastKnownFileType = text.plist.xml; path = "GoogleService-Info.plist"; sourceTree = "<group>"; };
		08CD8357232455EF00D04997 /* AddUserViewController.swift */ = {isa = PBXFileReference; lastKnownFileType = sourcecode.swift; path = AddUserViewController.swift; sourceTree = "<group>"; };
		08CD83592324566800D04997 /* User.swift */ = {isa = PBXFileReference; lastKnownFileType = sourcecode.swift; path = User.swift; sourceTree = "<group>"; };
		08CD835B2324573800D04997 /* FirebaseDataManager.swift */ = {isa = PBXFileReference; lastKnownFileType = sourcecode.swift; path = FirebaseDataManager.swift; sourceTree = "<group>"; };
		3604D4124BCDAE6B34AD8AB4 /* Pods-TextbookUITests.debug.xcconfig */ = {isa = PBXFileReference; includeInIndex = 1; lastKnownFileType = text.xcconfig; name = "Pods-TextbookUITests.debug.xcconfig"; path = "Target Support Files/Pods-TextbookUITests/Pods-TextbookUITests.debug.xcconfig"; sourceTree = "<group>"; };
		3C0A0BA9B66C86B8CBE402E8 /* Pods-TextbookUITests.release.xcconfig */ = {isa = PBXFileReference; includeInIndex = 1; lastKnownFileType = text.xcconfig; name = "Pods-TextbookUITests.release.xcconfig"; path = "Target Support Files/Pods-TextbookUITests/Pods-TextbookUITests.release.xcconfig"; sourceTree = "<group>"; };
		4761FAD91CB9E9ABE3BD5609 /* Pods-Textbook.release.xcconfig */ = {isa = PBXFileReference; includeInIndex = 1; lastKnownFileType = text.xcconfig; name = "Pods-Textbook.release.xcconfig"; path = "Target Support Files/Pods-Textbook/Pods-Textbook.release.xcconfig"; sourceTree = "<group>"; };
		7B0A87ACF10DFA36D7E8B758 /* Pods_Textbook.framework */ = {isa = PBXFileReference; explicitFileType = wrapper.framework; includeInIndex = 0; path = Pods_Textbook.framework; sourceTree = BUILT_PRODUCTS_DIR; };
		908B4E8464D541653C94542C /* Pods_TextbookUITests.framework */ = {isa = PBXFileReference; explicitFileType = wrapper.framework; includeInIndex = 0; path = Pods_TextbookUITests.framework; sourceTree = BUILT_PRODUCTS_DIR; };
		941AA3BC8C6B70E17232C1F4 /* Pods-TextbookTests.debug.xcconfig */ = {isa = PBXFileReference; includeInIndex = 1; lastKnownFileType = text.xcconfig; name = "Pods-TextbookTests.debug.xcconfig"; path = "Target Support Files/Pods-TextbookTests/Pods-TextbookTests.debug.xcconfig"; sourceTree = "<group>"; };
		9A26D6D0C676E360BDAC2585 /* Pods_TextbookTests.framework */ = {isa = PBXFileReference; explicitFileType = wrapper.framework; includeInIndex = 0; path = Pods_TextbookTests.framework; sourceTree = BUILT_PRODUCTS_DIR; };
		9D6D6F1EE6281FA742CDA294 /* Pods-TextbookTests.release.xcconfig */ = {isa = PBXFileReference; includeInIndex = 1; lastKnownFileType = text.xcconfig; name = "Pods-TextbookTests.release.xcconfig"; path = "Target Support Files/Pods-TextbookTests/Pods-TextbookTests.release.xcconfig"; sourceTree = "<group>"; };
		D775E9387D7ED21B27EA0B9E /* Pods-Textbook.debug.xcconfig */ = {isa = PBXFileReference; includeInIndex = 1; lastKnownFileType = text.xcconfig; name = "Pods-Textbook.debug.xcconfig"; path = "Target Support Files/Pods-Textbook/Pods-Textbook.debug.xcconfig"; sourceTree = "<group>"; };
/* End PBXFileReference section */

/* Begin PBXFrameworksBuildPhase section */
		08CD831D232402D900D04997 /* Frameworks */ = {
			isa = PBXFrameworksBuildPhase;
			buildActionMask = 2147483647;
			files = (
				5CD806C2F393DCA879B4249A /* Pods_Textbook.framework in Frameworks */,
			);
			runOnlyForDeploymentPostprocessing = 0;
		};
		08CD8331232402DE00D04997 /* Frameworks */ = {
			isa = PBXFrameworksBuildPhase;
			buildActionMask = 2147483647;
			files = (
				493649918D33408D9AEAB01E /* Pods_TextbookTests.framework in Frameworks */,
			);
			runOnlyForDeploymentPostprocessing = 0;
		};
		08CD833C232402DE00D04997 /* Frameworks */ = {
			isa = PBXFrameworksBuildPhase;
			buildActionMask = 2147483647;
			files = (
				4712177CC17007A914BBD3B7 /* Pods_TextbookUITests.framework in Frameworks */,
			);
			runOnlyForDeploymentPostprocessing = 0;
		};
/* End PBXFrameworksBuildPhase section */

/* Begin PBXGroup section */
		08CD8317232402D900D04997 = {
			isa = PBXGroup;
			children = (
				08CD8322232402D900D04997 /* Textbook */,
				08CD8337232402DE00D04997 /* TextbookTests */,
				08CD8342232402DE00D04997 /* TextbookUITests */,
				08CD8321232402D900D04997 /* Products */,
				E34966CC4C28430471DA92FC /* Pods */,
				26E4377E400A466C5A44DF6D /* Frameworks */,
			);
			sourceTree = "<group>";
		};
		08CD8321232402D900D04997 /* Products */ = {
			isa = PBXGroup;
			children = (
				08CD8320232402D900D04997 /* Textbook.app */,
				08CD8334232402DE00D04997 /* TextbookTests.xctest */,
				08CD833F232402DE00D04997 /* TextbookUITests.xctest */,
			);
			name = Products;
			sourceTree = "<group>";
		};
		08CD8322232402D900D04997 /* Textbook */ = {
			isa = PBXGroup;
			children = (
				08CD8323232402D900D04997 /* AppDelegate.swift */,
				08CD8325232402D900D04997 /* ViewController.swift */,
				08CD83592324566800D04997 /* User.swift */,
				08CD8351232445CA00D04997 /* LoginPageViewController.swift */,
				08CD8357232455EF00D04997 /* AddUserViewController.swift */,
				08CD835B2324573800D04997 /* FirebaseDataManager.swift */,
				08CD8327232402D900D04997 /* Main.storyboard */,
				08CD832A232402DE00D04997 /* Assets.xcassets */,
				08CD832C232402DE00D04997 /* LaunchScreen.storyboard */,
				08CD832F232402DE00D04997 /* Info.plist */,
				08CD835523244EC400D04997 /* GoogleService-Info.plist */,
			);
			path = Textbook;
			sourceTree = "<group>";
		};
		08CD8337232402DE00D04997 /* TextbookTests */ = {
			isa = PBXGroup;
			children = (
				08CD8338232402DE00D04997 /* TextbookTests.swift */,
				08CD833A232402DE00D04997 /* Info.plist */,
			);
			path = TextbookTests;
			sourceTree = "<group>";
		};
		08CD8342232402DE00D04997 /* TextbookUITests */ = {
			isa = PBXGroup;
			children = (
				08CD8343232402DE00D04997 /* TextbookUITests.swift */,
				08CD8345232402DE00D04997 /* Info.plist */,
			);
			path = TextbookUITests;
			sourceTree = "<group>";
		};
		26E4377E400A466C5A44DF6D /* Frameworks */ = {
			isa = PBXGroup;
			children = (
				7B0A87ACF10DFA36D7E8B758 /* Pods_Textbook.framework */,
				9A26D6D0C676E360BDAC2585 /* Pods_TextbookTests.framework */,
				908B4E8464D541653C94542C /* Pods_TextbookUITests.framework */,
			);
			name = Frameworks;
			sourceTree = "<group>";
		};
		E34966CC4C28430471DA92FC /* Pods */ = {
			isa = PBXGroup;
			children = (
				D775E9387D7ED21B27EA0B9E /* Pods-Textbook.debug.xcconfig */,
				4761FAD91CB9E9ABE3BD5609 /* Pods-Textbook.release.xcconfig */,
				941AA3BC8C6B70E17232C1F4 /* Pods-TextbookTests.debug.xcconfig */,
				9D6D6F1EE6281FA742CDA294 /* Pods-TextbookTests.release.xcconfig */,
				3604D4124BCDAE6B34AD8AB4 /* Pods-TextbookUITests.debug.xcconfig */,
				3C0A0BA9B66C86B8CBE402E8 /* Pods-TextbookUITests.release.xcconfig */,
			);
			path = Pods;
			sourceTree = "<group>";
		};
/* End PBXGroup section */

/* Begin PBXNativeTarget section */
		08CD831F232402D900D04997 /* Textbook */ = {
			isa = PBXNativeTarget;
			buildConfigurationList = 08CD8348232402DE00D04997 /* Build configuration list for PBXNativeTarget "Textbook" */;
			buildPhases = (
				1739220FAB0C40726FCD8F1A /* [CP] Check Pods Manifest.lock */,
				08CD831C232402D900D04997 /* Sources */,
				08CD831D232402D900D04997 /* Frameworks */,
				08CD831E232402D900D04997 /* Resources */,
				045BE86997C2978FB1A679F1 /* [CP] Embed Pods Frameworks */,
			);
			buildRules = (
			);
			dependencies = (
			);
			name = Textbook;
			productName = Textbook;
			productReference = 08CD8320232402D900D04997 /* Textbook.app */;
			productType = "com.apple.product-type.application";
		};
		08CD8333232402DE00D04997 /* TextbookTests */ = {
			isa = PBXNativeTarget;
			buildConfigurationList = 08CD834B232402DE00D04997 /* Build configuration list for PBXNativeTarget "TextbookTests" */;
			buildPhases = (
				9678CD7AFC7E303BCD15849B /* [CP] Check Pods Manifest.lock */,
				08CD8330232402DE00D04997 /* Sources */,
				08CD8331232402DE00D04997 /* Frameworks */,
				08CD8332232402DE00D04997 /* Resources */,
			);
			buildRules = (
			);
			dependencies = (
				08CD8336232402DE00D04997 /* PBXTargetDependency */,
			);
			name = TextbookTests;
			productName = TextbookTests;
			productReference = 08CD8334232402DE00D04997 /* TextbookTests.xctest */;
			productType = "com.apple.product-type.bundle.unit-test";
		};
		08CD833E232402DE00D04997 /* TextbookUITests */ = {
			isa = PBXNativeTarget;
			buildConfigurationList = 08CD834E232402DE00D04997 /* Build configuration list for PBXNativeTarget "TextbookUITests" */;
			buildPhases = (
				E486DFB88E3D21AF12477735 /* [CP] Check Pods Manifest.lock */,
				08CD833B232402DE00D04997 /* Sources */,
				08CD833C232402DE00D04997 /* Frameworks */,
				08CD833D232402DE00D04997 /* Resources */,
			);
			buildRules = (
			);
			dependencies = (
				08CD8341232402DE00D04997 /* PBXTargetDependency */,
			);
			name = TextbookUITests;
			productName = TextbookUITests;
			productReference = 08CD833F232402DE00D04997 /* TextbookUITests.xctest */;
			productType = "com.apple.product-type.bundle.ui-testing";
		};
/* End PBXNativeTarget section */

/* Begin PBXProject section */
		08CD8318232402D900D04997 /* Project object */ = {
			isa = PBXProject;
			attributes = {
				LastSwiftUpdateCheck = 1030;
				LastUpgradeCheck = 1030;
				ORGANIZATIONNAME = "Christina Lin";
				TargetAttributes = {
					08CD831F232402D900D04997 = {
						CreatedOnToolsVersion = 10.3;
					};
					08CD8333232402DE00D04997 = {
						CreatedOnToolsVersion = 10.3;
						TestTargetID = 08CD831F232402D900D04997;
					};
					08CD833E232402DE00D04997 = {
						CreatedOnToolsVersion = 10.3;
						TestTargetID = 08CD831F232402D900D04997;
					};
				};
			};
			buildConfigurationList = 08CD831B232402D900D04997 /* Build configuration list for PBXProject "Textbook" */;
			compatibilityVersion = "Xcode 9.3";
			developmentRegion = en;
			hasScannedForEncodings = 0;
			knownRegions = (
				en,
				Base,
			);
			mainGroup = 08CD8317232402D900D04997;
			productRefGroup = 08CD8321232402D900D04997 /* Products */;
			projectDirPath = "";
			projectRoot = "";
			targets = (
				08CD831F232402D900D04997 /* Textbook */,
				08CD8333232402DE00D04997 /* TextbookTests */,
				08CD833E232402DE00D04997 /* TextbookUITests */,
			);
		};
/* End PBXProject section */

/* Begin PBXResourcesBuildPhase section */
		08CD831E232402D900D04997 /* Resources */ = {
			isa = PBXResourcesBuildPhase;
			buildActionMask = 2147483647;
			files = (
				08CD832E232402DE00D04997 /* LaunchScreen.storyboard in Resources */,
				08CD835623244EC400D04997 /* GoogleService-Info.plist in Resources */,
				08CD832B232402DE00D04997 /* Assets.xcassets in Resources */,
				08CD8329232402D900D04997 /* Main.storyboard in Resources */,
			);
			runOnlyForDeploymentPostprocessing = 0;
		};
		08CD8332232402DE00D04997 /* Resources */ = {
			isa = PBXResourcesBuildPhase;
			buildActionMask = 2147483647;
			files = (
			);
			runOnlyForDeploymentPostprocessing = 0;
		};
		08CD833D232402DE00D04997 /* Resources */ = {
			isa = PBXResourcesBuildPhase;
			buildActionMask = 2147483647;
			files = (
			);
			runOnlyForDeploymentPostprocessing = 0;
		};
/* End PBXResourcesBuildPhase section */

/* Begin PBXShellScriptBuildPhase section */
		045BE86997C2978FB1A679F1 /* [CP] Embed Pods Frameworks */ = {
			isa = PBXShellScriptBuildPhase;
			buildActionMask = 2147483647;
			files = (
			);
			inputFileListPaths = (
			);
			inputPaths = (
				"${PODS_ROOT}/Target Support Files/Pods-Textbook/Pods-Textbook-frameworks.sh",
				"${BUILT_PRODUCTS_DIR}/GTMSessionFetcher/GTMSessionFetcher.framework",
				"${BUILT_PRODUCTS_DIR}/GoogleUtilities/GoogleUtilities.framework",
				"${BUILT_PRODUCTS_DIR}/leveldb-library/leveldb.framework",
				"${BUILT_PRODUCTS_DIR}/nanopb/nanopb.framework",
			);
			name = "[CP] Embed Pods Frameworks";
			outputFileListPaths = (
			);
			outputPaths = (
				"${TARGET_BUILD_DIR}/${FRAMEWORKS_FOLDER_PATH}/GTMSessionFetcher.framework",
				"${TARGET_BUILD_DIR}/${FRAMEWORKS_FOLDER_PATH}/GoogleUtilities.framework",
				"${TARGET_BUILD_DIR}/${FRAMEWORKS_FOLDER_PATH}/leveldb.framework",
				"${TARGET_BUILD_DIR}/${FRAMEWORKS_FOLDER_PATH}/nanopb.framework",
			);
			runOnlyForDeploymentPostprocessing = 0;
			shellPath = /bin/sh;
			shellScript = "\"${PODS_ROOT}/Target Support Files/Pods-Textbook/Pods-Textbook-frameworks.sh\"\n";
			showEnvVarsInLog = 0;
		};
		1739220FAB0C40726FCD8F1A /* [CP] Check Pods Manifest.lock */ = {
			isa = PBXShellScriptBuildPhase;
			buildActionMask = 2147483647;
			files = (
			);
			inputFileListPaths = (
			);
			inputPaths = (
				"${PODS_PODFILE_DIR_PATH}/Podfile.lock",
				"${PODS_ROOT}/Manifest.lock",
			);
			name = "[CP] Check Pods Manifest.lock";
			outputFileListPaths = (
			);
			outputPaths = (
				"$(DERIVED_FILE_DIR)/Pods-Textbook-checkManifestLockResult.txt",
			);
			runOnlyForDeploymentPostprocessing = 0;
			shellPath = /bin/sh;
			shellScript = "diff \"${PODS_PODFILE_DIR_PATH}/Podfile.lock\" \"${PODS_ROOT}/Manifest.lock\" > /dev/null\nif [ $? != 0 ] ; then\n    # print error to STDERR\n    echo \"error: The sandbox is not in sync with the Podfile.lock. Run 'pod install' or update your CocoaPods installation.\" >&2\n    exit 1\nfi\n# This output is used by Xcode 'outputs' to avoid re-running this script phase.\necho \"SUCCESS\" > \"${SCRIPT_OUTPUT_FILE_0}\"\n";
			showEnvVarsInLog = 0;
		};
		9678CD7AFC7E303BCD15849B /* [CP] Check Pods Manifest.lock */ = {
			isa = PBXShellScriptBuildPhase;
			buildActionMask = 2147483647;
			files = (
			);
			inputFileListPaths = (
			);
			inputPaths = (
				"${PODS_PODFILE_DIR_PATH}/Podfile.lock",
				"${PODS_ROOT}/Manifest.lock",
			);
			name = "[CP] Check Pods Manifest.lock";
			outputFileListPaths = (
			);
			outputPaths = (
				"$(DERIVED_FILE_DIR)/Pods-TextbookTests-checkManifestLockResult.txt",
			);
			runOnlyForDeploymentPostprocessing = 0;
			shellPath = /bin/sh;
			shellScript = "diff \"${PODS_PODFILE_DIR_PATH}/Podfile.lock\" \"${PODS_ROOT}/Manifest.lock\" > /dev/null\nif [ $? != 0 ] ; then\n    # print error to STDERR\n    echo \"error: The sandbox is not in sync with the Podfile.lock. Run 'pod install' or update your CocoaPods installation.\" >&2\n    exit 1\nfi\n# This output is used by Xcode 'outputs' to avoid re-running this script phase.\necho \"SUCCESS\" > \"${SCRIPT_OUTPUT_FILE_0}\"\n";
			showEnvVarsInLog = 0;
		};
		E486DFB88E3D21AF12477735 /* [CP] Check Pods Manifest.lock */ = {
			isa = PBXShellScriptBuildPhase;
			buildActionMask = 2147483647;
			files = (
			);
			inputFileListPaths = (
			);
			inputPaths = (
				"${PODS_PODFILE_DIR_PATH}/Podfile.lock",
				"${PODS_ROOT}/Manifest.lock",
			);
			name = "[CP] Check Pods Manifest.lock";
			outputFileListPaths = (
			);
			outputPaths = (
				"$(DERIVED_FILE_DIR)/Pods-TextbookUITests-checkManifestLockResult.txt",
			);
			runOnlyForDeploymentPostprocessing = 0;
			shellPath = /bin/sh;
			shellScript = "diff \"${PODS_PODFILE_DIR_PATH}/Podfile.lock\" \"${PODS_ROOT}/Manifest.lock\" > /dev/null\nif [ $? != 0 ] ; then\n    # print error to STDERR\n    echo \"error: The sandbox is not in sync with the Podfile.lock. Run 'pod install' or update your CocoaPods installation.\" >&2\n    exit 1\nfi\n# This output is used by Xcode 'outputs' to avoid re-running this script phase.\necho \"SUCCESS\" > \"${SCRIPT_OUTPUT_FILE_0}\"\n";
			showEnvVarsInLog = 0;
		};
/* End PBXShellScriptBuildPhase section */

/* Begin PBXSourcesBuildPhase section */
		08CD831C232402D900D04997 /* Sources */ = {
			isa = PBXSourcesBuildPhase;
			buildActionMask = 2147483647;
			files = (
				08CD8352232445CA00D04997 /* LoginPageViewController.swift in Sources */,
				08CD8358232455EF00D04997 /* AddUserViewController.swift in Sources */,
				08CD835C2324573800D04997 /* FirebaseDataManager.swift in Sources */,
				08CD8326232402D900D04997 /* ViewController.swift in Sources */,
				08CD835A2324566800D04997 /* User.swift in Sources */,
				08CD8324232402D900D04997 /* AppDelegate.swift in Sources */,
			);
			runOnlyForDeploymentPostprocessing = 0;
		};
		08CD8330232402DE00D04997 /* Sources */ = {
			isa = PBXSourcesBuildPhase;
			buildActionMask = 2147483647;
			files = (
				08CD8339232402DE00D04997 /* TextbookTests.swift in Sources */,
			);
			runOnlyForDeploymentPostprocessing = 0;
		};
		08CD833B232402DE00D04997 /* Sources */ = {
			isa = PBXSourcesBuildPhase;
			buildActionMask = 2147483647;
			files = (
				08CD8344232402DE00D04997 /* TextbookUITests.swift in Sources */,
			);
			runOnlyForDeploymentPostprocessing = 0;
		};
/* End PBXSourcesBuildPhase section */

/* Begin PBXTargetDependency section */
		08CD8336232402DE00D04997 /* PBXTargetDependency */ = {
			isa = PBXTargetDependency;
			target = 08CD831F232402D900D04997 /* Textbook */;
			targetProxy = 08CD8335232402DE00D04997 /* PBXContainerItemProxy */;
		};
		08CD8341232402DE00D04997 /* PBXTargetDependency */ = {
			isa = PBXTargetDependency;
			target = 08CD831F232402D900D04997 /* Textbook */;
			targetProxy = 08CD8340232402DE00D04997 /* PBXContainerItemProxy */;
		};
/* End PBXTargetDependency section */

/* Begin PBXVariantGroup section */
		08CD8327232402D900D04997 /* Main.storyboard */ = {
			isa = PBXVariantGroup;
			children = (
				08CD8328232402D900D04997 /* Base */,
			);
			name = Main.storyboard;
			sourceTree = "<group>";
		};
		08CD832C232402DE00D04997 /* LaunchScreen.storyboard */ = {
			isa = PBXVariantGroup;
			children = (
				08CD832D232402DE00D04997 /* Base */,
			);
			name = LaunchScreen.storyboard;
			sourceTree = "<group>";
		};
/* End PBXVariantGroup section */

/* Begin XCBuildConfiguration section */
		08CD8346232402DE00D04997 /* Debug */ = {
			isa = XCBuildConfiguration;
			buildSettings = {
				ALWAYS_SEARCH_USER_PATHS = NO;
				CLANG_ANALYZER_NONNULL = YES;
				CLANG_ANALYZER_NUMBER_OBJECT_CONVERSION = YES_AGGRESSIVE;
				CLANG_CXX_LANGUAGE_STANDARD = "gnu++14";
				CLANG_CXX_LIBRARY = "libc++";
				CLANG_ENABLE_MODULES = YES;
				CLANG_ENABLE_OBJC_ARC = YES;
				CLANG_ENABLE_OBJC_WEAK = YES;
				CLANG_WARN_BLOCK_CAPTURE_AUTORELEASING = YES;
				CLANG_WARN_BOOL_CONVERSION = YES;
				CLANG_WARN_COMMA = YES;
				CLANG_WARN_CONSTANT_CONVERSION = YES;
				CLANG_WARN_DEPRECATED_OBJC_IMPLEMENTATIONS = YES;
				CLANG_WARN_DIRECT_OBJC_ISA_USAGE = YES_ERROR;
				CLANG_WARN_DOCUMENTATION_COMMENTS = YES;
				CLANG_WARN_EMPTY_BODY = YES;
				CLANG_WARN_ENUM_CONVERSION = YES;
				CLANG_WARN_INFINITE_RECURSION = YES;
				CLANG_WARN_INT_CONVERSION = YES;
				CLANG_WARN_NON_LITERAL_NULL_CONVERSION = YES;
				CLANG_WARN_OBJC_IMPLICIT_RETAIN_SELF = YES;
				CLANG_WARN_OBJC_LITERAL_CONVERSION = YES;
				CLANG_WARN_OBJC_ROOT_CLASS = YES_ERROR;
				CLANG_WARN_RANGE_LOOP_ANALYSIS = YES;
				CLANG_WARN_STRICT_PROTOTYPES = YES;
				CLANG_WARN_SUSPICIOUS_MOVE = YES;
				CLANG_WARN_UNGUARDED_AVAILABILITY = YES_AGGRESSIVE;
				CLANG_WARN_UNREACHABLE_CODE = YES;
				CLANG_WARN__DUPLICATE_METHOD_MATCH = YES;
				CODE_SIGN_IDENTITY = "iPhone Developer";
				COPY_PHASE_STRIP = NO;
				DEBUG_INFORMATION_FORMAT = dwarf;
				ENABLE_STRICT_OBJC_MSGSEND = YES;
				ENABLE_TESTABILITY = YES;
				GCC_C_LANGUAGE_STANDARD = gnu11;
				GCC_DYNAMIC_NO_PIC = NO;
				GCC_NO_COMMON_BLOCKS = YES;
				GCC_OPTIMIZATION_LEVEL = 0;
				GCC_PREPROCESSOR_DEFINITIONS = (
					"DEBUG=1",
					"$(inherited)",
				);
				GCC_WARN_64_TO_32_BIT_CONVERSION = YES;
				GCC_WARN_ABOUT_RETURN_TYPE = YES_ERROR;
				GCC_WARN_UNDECLARED_SELECTOR = YES;
				GCC_WARN_UNINITIALIZED_AUTOS = YES_AGGRESSIVE;
				GCC_WARN_UNUSED_FUNCTION = YES;
				GCC_WARN_UNUSED_VARIABLE = YES;
				IPHONEOS_DEPLOYMENT_TARGET = 12.4;
				MTL_ENABLE_DEBUG_INFO = INCLUDE_SOURCE;
				MTL_FAST_MATH = YES;
				ONLY_ACTIVE_ARCH = YES;
				SDKROOT = iphoneos;
				SWIFT_ACTIVE_COMPILATION_CONDITIONS = DEBUG;
				SWIFT_OPTIMIZATION_LEVEL = "-Onone";
			};
			name = Debug;
		};
		08CD8347232402DE00D04997 /* Release */ = {
			isa = XCBuildConfiguration;
			buildSettings = {
				ALWAYS_SEARCH_USER_PATHS = NO;
				CLANG_ANALYZER_NONNULL = YES;
				CLANG_ANALYZER_NUMBER_OBJECT_CONVERSION = YES_AGGRESSIVE;
				CLANG_CXX_LANGUAGE_STANDARD = "gnu++14";
				CLANG_CXX_LIBRARY = "libc++";
				CLANG_ENABLE_MODULES = YES;
				CLANG_ENABLE_OBJC_ARC = YES;
				CLANG_ENABLE_OBJC_WEAK = YES;
				CLANG_WARN_BLOCK_CAPTURE_AUTORELEASING = YES;
				CLANG_WARN_BOOL_CONVERSION = YES;
				CLANG_WARN_COMMA = YES;
				CLANG_WARN_CONSTANT_CONVERSION = YES;
				CLANG_WARN_DEPRECATED_OBJC_IMPLEMENTATIONS = YES;
				CLANG_WARN_DIRECT_OBJC_ISA_USAGE = YES_ERROR;
				CLANG_WARN_DOCUMENTATION_COMMENTS = YES;
				CLANG_WARN_EMPTY_BODY = YES;
				CLANG_WARN_ENUM_CONVERSION = YES;
				CLANG_WARN_INFINITE_RECURSION = YES;
				CLANG_WARN_INT_CONVERSION = YES;
				CLANG_WARN_NON_LITERAL_NULL_CONVERSION = YES;
				CLANG_WARN_OBJC_IMPLICIT_RETAIN_SELF = YES;
				CLANG_WARN_OBJC_LITERAL_CONVERSION = YES;
				CLANG_WARN_OBJC_ROOT_CLASS = YES_ERROR;
				CLANG_WARN_RANGE_LOOP_ANALYSIS = YES;
				CLANG_WARN_STRICT_PROTOTYPES = YES;
				CLANG_WARN_SUSPICIOUS_MOVE = YES;
				CLANG_WARN_UNGUARDED_AVAILABILITY = YES_AGGRESSIVE;
				CLANG_WARN_UNREACHABLE_CODE = YES;
				CLANG_WARN__DUPLICATE_METHOD_MATCH = YES;
				CODE_SIGN_IDENTITY = "iPhone Developer";
				COPY_PHASE_STRIP = NO;
				DEBUG_INFORMATION_FORMAT = "dwarf-with-dsym";
				ENABLE_NS_ASSERTIONS = NO;
				ENABLE_STRICT_OBJC_MSGSEND = YES;
				GCC_C_LANGUAGE_STANDARD = gnu11;
				GCC_NO_COMMON_BLOCKS = YES;
				GCC_WARN_64_TO_32_BIT_CONVERSION = YES;
				GCC_WARN_ABOUT_RETURN_TYPE = YES_ERROR;
				GCC_WARN_UNDECLARED_SELECTOR = YES;
				GCC_WARN_UNINITIALIZED_AUTOS = YES_AGGRESSIVE;
				GCC_WARN_UNUSED_FUNCTION = YES;
				GCC_WARN_UNUSED_VARIABLE = YES;
				IPHONEOS_DEPLOYMENT_TARGET = 12.4;
				MTL_ENABLE_DEBUG_INFO = NO;
				MTL_FAST_MATH = YES;
				SDKROOT = iphoneos;
				SWIFT_COMPILATION_MODE = wholemodule;
				SWIFT_OPTIMIZATION_LEVEL = "-O";
				VALIDATE_PRODUCT = YES;
			};
			name = Release;
		};
		08CD8349232402DE00D04997 /* Debug */ = {
			isa = XCBuildConfiguration;
			baseConfigurationReference = D775E9387D7ED21B27EA0B9E /* Pods-Textbook.debug.xcconfig */;
			buildSettings = {
				ASSETCATALOG_COMPILER_APPICON_NAME = AppIcon;
				CODE_SIGN_STYLE = Automatic;
				DEVELOPMENT_TEAM = 25U7SKWSRX;
				INFOPLIST_FILE = Textbook/Info.plist;
				LD_RUNPATH_SEARCH_PATHS = (
					"$(inherited)",
					"@executable_path/Frameworks",
				);
				PRODUCT_BUNDLE_IDENTIFIER = tut2.Textbook;
				PRODUCT_NAME = "$(TARGET_NAME)";
				SWIFT_VERSION = 5.0;
				TARGETED_DEVICE_FAMILY = "1,2";
			};
			name = Debug;
		};
		08CD834A232402DE00D04997 /* Release */ = {
			isa = XCBuildConfiguration;
			baseConfigurationReference = 4761FAD91CB9E9ABE3BD5609 /* Pods-Textbook.release.xcconfig */;
			buildSettings = {
				ASSETCATALOG_COMPILER_APPICON_NAME = AppIcon;
				CODE_SIGN_STYLE = Automatic;
				DEVELOPMENT_TEAM = 25U7SKWSRX;
				INFOPLIST_FILE = Textbook/Info.plist;
				LD_RUNPATH_SEARCH_PATHS = (
					"$(inherited)",
					"@executable_path/Frameworks",
				);
				PRODUCT_BUNDLE_IDENTIFIER = tut2.Textbook;
				PRODUCT_NAME = "$(TARGET_NAME)";
				SWIFT_VERSION = 5.0;
				TARGETED_DEVICE_FAMILY = "1,2";
			};
			name = Release;
		};
		08CD834C232402DE00D04997 /* Debug */ = {
			isa = XCBuildConfiguration;
			baseConfigurationReference = 941AA3BC8C6B70E17232C1F4 /* Pods-TextbookTests.debug.xcconfig */;
			buildSettings = {
				ALWAYS_EMBED_SWIFT_STANDARD_LIBRARIES = YES;
				BUNDLE_LOADER = "$(TEST_HOST)";
				CODE_SIGN_STYLE = Automatic;
				DEVELOPMENT_TEAM = 25U7SKWSRX;
				INFOPLIST_FILE = TextbookTests/Info.plist;
				LD_RUNPATH_SEARCH_PATHS = (
					"$(inherited)",
					"@executable_path/Frameworks",
					"@loader_path/Frameworks",
				);
				PRODUCT_BUNDLE_IDENTIFIER = tut2.TextbookTests;
				PRODUCT_NAME = "$(TARGET_NAME)";
				SWIFT_VERSION = 5.0;
				TARGETED_DEVICE_FAMILY = "1,2";
				TEST_HOST = "$(BUILT_PRODUCTS_DIR)/Textbook.app/Textbook";
			};
			name = Debug;
		};
		08CD834D232402DE00D04997 /* Release */ = {
			isa = XCBuildConfiguration;
			baseConfigurationReference = 9D6D6F1EE6281FA742CDA294 /* Pods-TextbookTests.release.xcconfig */;
			buildSettings = {
				ALWAYS_EMBED_SWIFT_STANDARD_LIBRARIES = YES;
				BUNDLE_LOADER = "$(TEST_HOST)";
				CODE_SIGN_STYLE = Automatic;
				DEVELOPMENT_TEAM = 25U7SKWSRX;
				INFOPLIST_FILE = TextbookTests/Info.plist;
				LD_RUNPATH_SEARCH_PATHS = (
					"$(inherited)",
					"@executable_path/Frameworks",
					"@loader_path/Frameworks",
				);
				PRODUCT_BUNDLE_IDENTIFIER = tut2.TextbookTests;
				PRODUCT_NAME = "$(TARGET_NAME)";
				SWIFT_VERSION = 5.0;
				TARGETED_DEVICE_FAMILY = "1,2";
				TEST_HOST = "$(BUILT_PRODUCTS_DIR)/Textbook.app/Textbook";
			};
			name = Release;
		};
		08CD834F232402DE00D04997 /* Debug */ = {
			isa = XCBuildConfiguration;
			baseConfigurationReference = 3604D4124BCDAE6B34AD8AB4 /* Pods-TextbookUITests.debug.xcconfig */;
			buildSettings = {
				ALWAYS_EMBED_SWIFT_STANDARD_LIBRARIES = YES;
				CODE_SIGN_STYLE = Automatic;
				DEVELOPMENT_TEAM = 25U7SKWSRX;
				INFOPLIST_FILE = TextbookUITests/Info.plist;
				LD_RUNPATH_SEARCH_PATHS = (
					"$(inherited)",
					"@executable_path/Frameworks",
					"@loader_path/Frameworks",
				);
				PRODUCT_BUNDLE_IDENTIFIER = tut2.TextbookUITests;
				PRODUCT_NAME = "$(TARGET_NAME)";
				SWIFT_VERSION = 5.0;
				TARGETED_DEVICE_FAMILY = "1,2";
				TEST_TARGET_NAME = Textbook;
			};
			name = Debug;
		};
		08CD8350232402DE00D04997 /* Release */ = {
			isa = XCBuildConfiguration;
			baseConfigurationReference = 3C0A0BA9B66C86B8CBE402E8 /* Pods-TextbookUITests.release.xcconfig */;
			buildSettings = {
				ALWAYS_EMBED_SWIFT_STANDARD_LIBRARIES = YES;
				CODE_SIGN_STYLE = Automatic;
				DEVELOPMENT_TEAM = 25U7SKWSRX;
				INFOPLIST_FILE = TextbookUITests/Info.plist;
				LD_RUNPATH_SEARCH_PATHS = (
					"$(inherited)",
					"@executable_path/Frameworks",
					"@loader_path/Frameworks",
				);
				PRODUCT_BUNDLE_IDENTIFIER = tut2.TextbookUITests;
				PRODUCT_NAME = "$(TARGET_NAME)";
				SWIFT_VERSION = 5.0;
				TARGETED_DEVICE_FAMILY = "1,2";
				TEST_TARGET_NAME = Textbook;
			};
			name = Release;
		};
/* End XCBuildConfiguration section */

/* Begin XCConfigurationList section */
		08CD831B232402D900D04997 /* Build configuration list for PBXProject "Textbook" */ = {
			isa = XCConfigurationList;
			buildConfigurations = (
				08CD8346232402DE00D04997 /* Debug */,
				08CD8347232402DE00D04997 /* Release */,
			);
			defaultConfigurationIsVisible = 0;
			defaultConfigurationName = Release;
		};
		08CD8348232402DE00D04997 /* Build configuration list for PBXNativeTarget "Textbook" */ = {
			isa = XCConfigurationList;
			buildConfigurations = (
				08CD8349232402DE00D04997 /* Debug */,
				08CD834A232402DE00D04997 /* Release */,
			);
			defaultConfigurationIsVisible = 0;
			defaultConfigurationName = Release;
		};
		08CD834B232402DE00D04997 /* Build configuration list for PBXNativeTarget "TextbookTests" */ = {
			isa = XCConfigurationList;
			buildConfigurations = (
				08CD834C232402DE00D04997 /* Debug */,
				08CD834D232402DE00D04997 /* Release */,
			);
			defaultConfigurationIsVisible = 0;
			defaultConfigurationName = Release;
		};
		08CD834E232402DE00D04997 /* Build configuration list for PBXNativeTarget "TextbookUITests" */ = {
			isa = XCConfigurationList;
			buildConfigurations = (
				08CD834F232402DE00D04997 /* Debug */,
				08CD8350232402DE00D04997 /* Release */,
			);
			defaultConfigurationIsVisible = 0;
			defaultConfigurationName = Release;
		};
/* End XCConfigurationList section */
	};
	rootObject = 08CD8318232402D900D04997 /* Project object */;
}
